
Microsoft Visual Studio Solution File, Format Version 12.00
# Visual Studio Version 16
VisualStudioVersion = 16.0.30523.141
MinimumVisualStudioVersion = 10.0.40219.1
Project("{FAE04EC0-301F-11D3-BF4B-00C04F79EFBC}") = "winFormGest", "winFormGest\winFormGest.csproj", "{7422353D-7D88-4DF1-B14D-317F16BF119B}"
EndProject
Project("{FAE04EC0-301F-11D3-BF4B-00C04F79EFBC}") = "ClassLibrary1", "ClassLibrary1\ClassLibrary1.csproj", "{C56BA7ED-6575-4EDC-8508-7594480B20F3}"
EndProject
Project("{FAE04EC0-301F-11D3-BF4B-00C04F79EFBC}") = "Datos", "Datos\Datos.csproj", "{B987DCB3-47F7-4594-A5A6-CDF897DFB6FA}"
EndProject
Project("{FAE04EC0-301F-11D3-BF4B-00C04F79EFBC}") = "Negocios", "Negocios\Negocios.csproj", "{6021390C-1A6C-45F6-987B-5C0081B38D07}"
EndProject
Global
	GlobalSection(SolutionConfigurationPlatforms) = preSolution
		Debug|Any CPU = Debug|Any CPU
		Release|Any CPU = Release|Any CPU
	EndGlobalSection
	GlobalSection(ProjectConfigurationPlatforms) = postSolution
		{7422353D-7D88-4DF1-B14D-317F16BF119B}.Debug|Any CPU.ActiveCfg = Debug|Any CPU
		{7422353D-7D88-4DF1-B14D-317F16BF119B}.Debug|Any CPU.Build.0 = Debug|Any CPU
		{7422353D-7D88-4DF1-B14D-317F16BF119B}.Release|Any CPU.ActiveCfg = Release|Any CPU
		{7422353D-7D88-4DF1-B14D-317F16BF119B}.Release|Any CPU.Build.0 = Release|Any CPU
		{C56BA7ED-6575-4EDC-8508-7594480B20F3}.Debug|Any CPU.ActiveCfg = Debug|Any CPU
		{C56BA7ED-6575-4EDC-8508-7594480B20F3}.Debug|Any CPU.Build.0 = Debug|Any CPU
		{C56BA7ED-6575-4EDC-8508-7594480B20F3}.Release|Any CPU.ActiveCfg = Release|Any CPU
		{C56BA7ED-6575-4EDC-8508-7594480B20F3}.Release|Any CPU.Build.0 = Release|Any CPU
		{B987DCB3-47F7-4594-A5A6-CDF897DFB6FA}.Debug|Any CPU.ActiveCfg = Debug|Any CPU
		{B987DCB3-47F7-4594-A5A6-CDF897DFB6FA}.Debug|Any CPU.Build.0 = Debug|Any CPU
		{B987DCB3-47F7-4594-A5A6-CDF897DFB6FA}.Release|Any CPU.ActiveCfg = Release|Any CPU
		{B987DCB3-47F7-4594-A5A6-CDF897DFB6FA}.Release|Any CPU.Build.0 = Release|Any CPU
		{6021390C-1A6C-45F6-987B-5C0081B38D07}.Debug|Any CPU.ActiveCfg = Debug|Any CPU
		{6021390C-1A6C-45F6-987B-5C0081B38D07}.Debug|Any CPU.Build.0 = Debug|Any CPU
		{6021390C-1A6C-45F6-987B-5C0081B38D07}.Release|Any CPU.ActiveCfg = Release|Any CPU
		{6021390C-1A6C-45F6-987B-5C0081B38D07}.Release|Any CPU.Build.0 = Release|Any CPU
	EndGlobalSection
	GlobalSection(SolutionProperties) = preSolution
		HideSolutionNode = FALSE
	EndGlobalSection
	GlobalSection(ExtensibilityGlobals) = postSolution
		SolutionGuid = {3716C1F8-D117-48A9-9E08-DC44B7DEE596}
	EndGlobalSection
EndGlobal
